
Microsoft Visual Studio Solution File, Format Version 12.00
# Visual Studio Version 16
VisualStudioVersion = 16.0.31321.278
MinimumVisualStudioVersion = 10.0.40219.1
Project("{FAE04EC0-301F-11D3-BF4B-00C04F79EFBC}") = "Model", "Model\Model.csproj", "{434549B4-2044-4533-94D9-E1A1C1C13FB3}"
EndProject
Project("{FAE04EC0-301F-11D3-BF4B-00C04F79EFBC}") = "Control", "Control\Control.csproj", "{3297A832-06E0-453F-A821-1345498F07CA}"
EndProject
Project("{FAE04EC0-301F-11D3-BF4B-00C04F79EFBC}") = "Datos", "Datos\Datos.csproj", "{7195047D-4225-49C1-AEFB-70A540BC3B5C}"
EndProject
Project("{FAE04EC0-301F-11D3-BF4B-00C04F79EFBC}") = "Visual", "Visual\Visual.csproj", "{1ADD32EF-3485-478E-BDDA-B08B1788DA92}"
EndProject
Global
	GlobalSection(SolutionConfigurationPlatforms) = preSolution
		Debug|Any CPU = Debug|Any CPU
		Release|Any CPU = Release|Any CPU
	EndGlobalSection
	GlobalSection(ProjectConfigurationPlatforms) = postSolution
		{434549B4-2044-4533-94D9-E1A1C1C13FB3}.Debug|Any CPU.ActiveCfg = Debug|Any CPU
		{434549B4-2044-4533-94D9-E1A1C1C13FB3}.Debug|Any CPU.Build.0 = Debug|Any CPU
		{434549B4-2044-4533-94D9-E1A1C1C13FB3}.Release|Any CPU.ActiveCfg = Release|Any CPU
		{434549B4-2044-4533-94D9-E1A1C1C13FB3}.Release|Any CPU.Build.0 = Release|Any CPU
		{3297A832-06E0-453F-A821-1345498F07CA}.Debug|Any CPU.ActiveCfg = Debug|Any CPU
		{3297A832-06E0-453F-A821-1345498F07CA}.Debug|Any CPU.Build.0 = Debug|Any CPU
		{3297A832-06E0-453F-A821-1345498F07CA}.Release|Any CPU.ActiveCfg = Release|Any CPU
		{3297A832-06E0-453F-A821-1345498F07CA}.Release|Any CPU.Build.0 = Release|Any CPU
		{7195047D-4225-49C1-AEFB-70A540BC3B5C}.Debug|Any CPU.ActiveCfg = Debug|Any CPU
		{7195047D-4225-49C1-AEFB-70A540BC3B5C}.Debug|Any CPU.Build.0 = Debug|Any CPU
		{7195047D-4225-49C1-AEFB-70A540BC3B5C}.Release|Any CPU.ActiveCfg = Release|Any CPU
		{7195047D-4225-49C1-AEFB-70A540BC3B5C}.Release|Any CPU.Build.0 = Release|Any CPU
		{1ADD32EF-3485-478E-BDDA-B08B1788DA92}.Debug|Any CPU.ActiveCfg = Debug|Any CPU
		{1ADD32EF-3485-478E-BDDA-B08B1788DA92}.Debug|Any CPU.Build.0 = Debug|Any CPU
		{1ADD32EF-3485-478E-BDDA-B08B1788DA92}.Release|Any CPU.ActiveCfg = Release|Any CPU
		{1ADD32EF-3485-478E-BDDA-B08B1788DA92}.Release|Any CPU.Build.0 = Release|Any CPU
	EndGlobalSection
	GlobalSection(SolutionProperties) = preSolution
		HideSolutionNode = FALSE
	EndGlobalSection
	GlobalSection(ExtensibilityGlobals) = postSolution
		SolutionGuid = {EA5AEC98-4A5A-4302-9DBC-7EF9CDE1B59A}
	EndGlobalSection
EndGlobal
